
Microsoft Visual Studio Solution File, Format Version 12.00
# Visual Studio Version 16
VisualStudioVersion = 16.0.31911.196
MinimumVisualStudioVersion = 10.0.40219.1
Project("{FAE04EC0-301F-11D3-BF4B-00C04F79EFBC}") = "ServiceRest_048_TaufiqFathoni", "ServiceRest_048_TaufiqFathoni\ServiceRest_048_TaufiqFathoni.csproj", "{EC8FF811-7777-4842-AD6F-A6EEB611C484}"
EndProject
Global
	GlobalSection(SolutionConfigurationPlatforms) = preSolution
		Debug|Any CPU = Debug|Any CPU
		Release|Any CPU = Release|Any CPU
	EndGlobalSection
	GlobalSection(ProjectConfigurationPlatforms) = postSolution
		{EC8FF811-7777-4842-AD6F-A6EEB611C484}.Debug|Any CPU.ActiveCfg = Debug|Any CPU
		{EC8FF811-7777-4842-AD6F-A6EEB611C484}.Debug|Any CPU.Build.0 = Debug|Any CPU
		{EC8FF811-7777-4842-AD6F-A6EEB611C484}.Release|Any CPU.ActiveCfg = Release|Any CPU
		{EC8FF811-7777-4842-AD6F-A6EEB611C484}.Release|Any CPU.Build.0 = Release|Any CPU
	EndGlobalSection
	GlobalSection(SolutionProperties) = preSolution
		HideSolutionNode = FALSE
	EndGlobalSection
	GlobalSection(ExtensibilityGlobals) = postSolution
		SolutionGuid = {5D82B472-29EF-4B21-A3FB-B31D9AF5BD48}
	EndGlobalSection
EndGlobal
